
Microsoft Visual Studio Solution File, Format Version 12.00
# Visual Studio Version 16
VisualStudioVersion = 16.0.29409.12
MinimumVisualStudioVersion = 10.0.40219.1
Project("{9A19103F-16F7-4668-BE54-9A1E7A4F7556}") = "TextAdventure.NetCore", "TextAdventure\TextAdventure.NetCore.csproj", "{3A61045C-DCAE-43DB-A68E-5332182AD642}"
EndProject
Project("{9A19103F-16F7-4668-BE54-9A1E7A4F7556}") = "TextAdventure.Core", "TextAdventure.Core\TextAdventure.Core.csproj", "{4DE5D3E0-561B-4DE1-8829-BD1F7C918372}"
EndProject
Global
	GlobalSection(SolutionConfigurationPlatforms) = preSolution
		Debug|Any CPU = Debug|Any CPU
		Release|Any CPU = Release|Any CPU
	EndGlobalSection
	GlobalSection(ProjectConfigurationPlatforms) = postSolution
		{3A61045C-DCAE-43DB-A68E-5332182AD642}.Debug|Any CPU.ActiveCfg = Debug|Any CPU
		{3A61045C-DCAE-43DB-A68E-5332182AD642}.Debug|Any CPU.Build.0 = Debug|Any CPU
		{3A61045C-DCAE-43DB-A68E-5332182AD642}.Release|Any CPU.ActiveCfg = Release|Any CPU
		{3A61045C-DCAE-43DB-A68E-5332182AD642}.Release|Any CPU.Build.0 = Release|Any CPU
		{4DE5D3E0-561B-4DE1-8829-BD1F7C918372}.Debug|Any CPU.ActiveCfg = Debug|Any CPU
		{4DE5D3E0-561B-4DE1-8829-BD1F7C918372}.Debug|Any CPU.Build.0 = Debug|Any CPU
		{4DE5D3E0-561B-4DE1-8829-BD1F7C918372}.Release|Any CPU.ActiveCfg = Release|Any CPU
		{4DE5D3E0-561B-4DE1-8829-BD1F7C918372}.Release|Any CPU.Build.0 = Release|Any CPU
	EndGlobalSection
	GlobalSection(SolutionProperties) = preSolution
		HideSolutionNode = FALSE
	EndGlobalSection
	GlobalSection(ExtensibilityGlobals) = postSolution
		SolutionGuid = {0E4134BA-15CD-408D-840C-764F8542E5F7}
	EndGlobalSection
EndGlobal
