
Microsoft Visual Studio Solution File, Format Version 12.00
# Visual Studio 15
VisualStudioVersion = 15.0.28307.852
MinimumVisualStudioVersion = 10.0.40219.1
Project("{FAE04EC0-301F-11D3-BF4B-00C04F79EFBC}") = "TextAdventure", "TextAdventure\TextAdventure.csproj", "{AFDEEC25-7FED-4871-A238-46252E22EAF4}"
EndProject
Project("{9A19103F-16F7-4668-BE54-9A1E7A4F7556}") = "TextAdventure.Core", "TextAdventure.Core\TextAdventure.Core.csproj", "{B831EBA7-54E8-4299-B2D8-82C6B49BC022}"
EndProject
Global
	GlobalSection(SolutionConfigurationPlatforms) = preSolution
		Debug|Any CPU = Debug|Any CPU
		Debug|x86 = Debug|x86
		Release|Any CPU = Release|Any CPU
		Release|x86 = Release|x86
	EndGlobalSection
	GlobalSection(ProjectConfigurationPlatforms) = postSolution
		{AFDEEC25-7FED-4871-A238-46252E22EAF4}.Debug|Any CPU.ActiveCfg = Debug|x86
		{AFDEEC25-7FED-4871-A238-46252E22EAF4}.Debug|x86.ActiveCfg = Debug|x86
		{AFDEEC25-7FED-4871-A238-46252E22EAF4}.Debug|x86.Build.0 = Debug|x86
		{AFDEEC25-7FED-4871-A238-46252E22EAF4}.Release|Any CPU.ActiveCfg = Release|x86
		{AFDEEC25-7FED-4871-A238-46252E22EAF4}.Release|x86.ActiveCfg = Release|x86
		{AFDEEC25-7FED-4871-A238-46252E22EAF4}.Release|x86.Build.0 = Release|x86
		{B831EBA7-54E8-4299-B2D8-82C6B49BC022}.Debug|Any CPU.ActiveCfg = Debug|Any CPU
		{B831EBA7-54E8-4299-B2D8-82C6B49BC022}.Debug|Any CPU.Build.0 = Debug|Any CPU
		{B831EBA7-54E8-4299-B2D8-82C6B49BC022}.Debug|x86.ActiveCfg = Debug|Any CPU
		{B831EBA7-54E8-4299-B2D8-82C6B49BC022}.Debug|x86.Build.0 = Debug|Any CPU
		{B831EBA7-54E8-4299-B2D8-82C6B49BC022}.Release|Any CPU.ActiveCfg = Release|Any CPU
		{B831EBA7-54E8-4299-B2D8-82C6B49BC022}.Release|Any CPU.Build.0 = Release|Any CPU
		{B831EBA7-54E8-4299-B2D8-82C6B49BC022}.Release|x86.ActiveCfg = Release|Any CPU
		{B831EBA7-54E8-4299-B2D8-82C6B49BC022}.Release|x86.Build.0 = Release|Any CPU
	EndGlobalSection
	GlobalSection(SolutionProperties) = preSolution
		HideSolutionNode = FALSE
	EndGlobalSection
	GlobalSection(ExtensibilityGlobals) = postSolution
		SolutionGuid = {0E4134BA-15CD-408D-840C-764F8542E5F7}
	EndGlobalSection
EndGlobal
